// !$*UTF8*$!
{
	archiveVersion = 1;
	classes = {
	};
	objectVersion = 55;
	objects = {

/* Begin PBXBuildFile section */
		030E832E28DB55DF00FE1BB8 /* Endpoint.swift in Sources */ = {isa = PBXBuildFile; fileRef = 030E832D28DB55DE00FE1BB8 /* Endpoint.swift */; };
		030E833028DB58E800FE1BB8 /* NetworkError.swift in Sources */ = {isa = PBXBuildFile; fileRef = 030E832F28DB58E800FE1BB8 /* NetworkError.swift */; };
		030E833228DB5B8F00FE1BB8 /* HTTPMethod.swift in Sources */ = {isa = PBXBuildFile; fileRef = 030E833128DB5B8F00FE1BB8 /* HTTPMethod.swift */; };
		030E833428DB672900FE1BB8 /* APIEndpoints.swift in Sources */ = {isa = PBXBuildFile; fileRef = 030E833328DB672900FE1BB8 /* APIEndpoints.swift */; };
		030E833A28DB93C600FE1BB8 /* ProductRepository.swift in Sources */ = {isa = PBXBuildFile; fileRef = 030E833928DB93C600FE1BB8 /* ProductRepository.swift */; };
		030E833D28DC5DF600FE1BB8 /* ProductPagesDTO.swift in Sources */ = {isa = PBXBuildFile; fileRef = 030E833C28DC5DF600FE1BB8 /* ProductPagesDTO.swift */; };
		030E833F28DC5E9700FE1BB8 /* ProductDTO.swift in Sources */ = {isa = PBXBuildFile; fileRef = 030E833E28DC5E9700FE1BB8 /* ProductDTO.swift */; };
		030E834128DC8E1200FE1BB8 /* ProductImageDTO.swift in Sources */ = {isa = PBXBuildFile; fileRef = 030E834028DC8E1200FE1BB8 /* ProductImageDTO.swift */; };
		030E834328DC8E2A00FE1BB8 /* VendorDTO.swift in Sources */ = {isa = PBXBuildFile; fileRef = 030E834228DC8E2A00FE1BB8 /* VendorDTO.swift */; };
		030E834528DC933000FE1BB8 /* NetworkProvider.swift in Sources */ = {isa = PBXBuildFile; fileRef = 030E834428DC933000FE1BB8 /* NetworkProvider.swift */; };
		030E834728DCA83F00FE1BB8 /* ProductImage.swift in Sources */ = {isa = PBXBuildFile; fileRef = 030E834628DCA83F00FE1BB8 /* ProductImage.swift */; };
		030E834928DCA99F00FE1BB8 /* ProductRequest.swift in Sources */ = {isa = PBXBuildFile; fileRef = 030E834828DCA99F00FE1BB8 /* ProductRequest.swift */; };
		030E834C28DCB02400FE1BB8 /* DefaultProductRepository.swift in Sources */ = {isa = PBXBuildFile; fileRef = 030E834B28DCB02400FE1BB8 /* DefaultProductRepository.swift */; };
		03320D54290046FA0030C853 /* Coordinator.swift in Sources */ = {isa = PBXBuildFile; fileRef = 03320D53290046FA0030C853 /* Coordinator.swift */; };
		03320D562900477C0030C853 /* AppCoordinator.swift in Sources */ = {isa = PBXBuildFile; fileRef = 03320D552900477C0030C853 /* AppCoordinator.swift */; };
		03320D59290058AF0030C853 /* MainCoordinator.swift in Sources */ = {isa = PBXBuildFile; fileRef = 03320D58290058AF0030C853 /* MainCoordinator.swift */; };
		034CD38B2908485300CF5C08 /* ImageDownloader.swift in Sources */ = {isa = PBXBuildFile; fileRef = 034CD38A2908485200CF5C08 /* ImageDownloader.swift */; };
		034CD38D290985C500CF5C08 /* ImageCacheManager.swift in Sources */ = {isa = PBXBuildFile; fileRef = 034CD38C290985C500CF5C08 /* ImageCacheManager.swift */; };
		0350C8FE28E1FE0A007CCE4D /* MainViewModel.swift in Sources */ = {isa = PBXBuildFile; fileRef = 0350C8FD28E1FE0A007CCE4D /* MainViewModel.swift */; };
		0361F47328DF5DB40010EC31 /* HTTPBodyBuilder.swift in Sources */ = {isa = PBXBuildFile; fileRef = 0361F47228DF5DB40010EC31 /* HTTPBodyBuilder.swift */; };
		0361F47628E075DB0010EC31 /* ProductUseCase.swift in Sources */ = {isa = PBXBuildFile; fileRef = 0361F47528E075DB0010EC31 /* ProductUseCase.swift */; };
		0361F47A28E0B3870010EC31 /* Data.swift in Sources */ = {isa = PBXBuildFile; fileRef = 0361F47928E0B3870010EC31 /* Data.swift */; };
		03B04F9E28ABD91B00FA268D /* AppDelegate.swift in Sources */ = {isa = PBXBuildFile; fileRef = 03B04F9D28ABD91B00FA268D /* AppDelegate.swift */; };
		03B04FA028ABD91B00FA268D /* SceneDelegate.swift in Sources */ = {isa = PBXBuildFile; fileRef = 03B04F9F28ABD91B00FA268D /* SceneDelegate.swift */; };
		03B04FA228ABD91B00FA268D /* MainViewController.swift in Sources */ = {isa = PBXBuildFile; fileRef = 03B04FA128ABD91B00FA268D /* MainViewController.swift */; };
		03B04FA728ABD91C00FA268D /* Assets.xcassets in Resources */ = {isa = PBXBuildFile; fileRef = 03B04FA628ABD91C00FA268D /* Assets.xcassets */; };
		03B04FAA28ABD91C00FA268D /* LaunchScreen.storyboard in Resources */ = {isa = PBXBuildFile; fileRef = 03B04FA828ABD91C00FA268D /* LaunchScreen.storyboard */; };
		03B04FBA28AE6FE300FA268D /* MainView.swift in Sources */ = {isa = PBXBuildFile; fileRef = 03B04FB928AE6FE300FA268D /* MainView.swift */; };
		03D374B52915352F00AA0F58 /* RegisterViewModel.swift in Sources */ = {isa = PBXBuildFile; fileRef = 03D374B42915352F00AA0F58 /* RegisterViewModel.swift */; };
		03D374B729153C5C00AA0F58 /* DividerLineView.swift in Sources */ = {isa = PBXBuildFile; fileRef = 03D374B629153C5C00AA0F58 /* DividerLineView.swift */; };
		03D374BA2915444F00AA0F58 /* RegisterCoordinator.swift in Sources */ = {isa = PBXBuildFile; fileRef = 03D374B92915444F00AA0F58 /* RegisterCoordinator.swift */; };
		03D374BD291562A500AA0F58 /* RegisterViewController.swift in Sources */ = {isa = PBXBuildFile; fileRef = 03D374BC291562A500AA0F58 /* RegisterViewController.swift */; };
		03D374BF291562B700AA0F58 /* ProductUpdateView.swift in Sources */ = {isa = PBXBuildFile; fileRef = 03D374BE291562B700AA0F58 /* ProductUpdateView.swift */; };
		03D374C12917DBD100AA0F58 /* AlertBuilder.swift in Sources */ = {isa = PBXBuildFile; fileRef = 03D374C02917DBD100AA0F58 /* AlertBuilder.swift */; };
		03D374C42919385E00AA0F58 /* BMDOHYEON_otf.otf in Resources */ = {isa = PBXBuildFile; fileRef = 03D374C32919385E00AA0F58 /* BMDOHYEON_otf.otf */; };
		03D374C629195BE900AA0F58 /* BMHANNAAir_ttf.ttf in Resources */ = {isa = PBXBuildFile; fileRef = 03D374C529195BE900AA0F58 /* BMHANNAAir_ttf.ttf */; };
		03D374C829196ABF00AA0F58 /* EditViewModel.swift in Sources */ = {isa = PBXBuildFile; fileRef = 03D374C729196ABF00AA0F58 /* EditViewModel.swift */; };
		03D374CA291AA29300AA0F58 /* EditCoordinator.swift in Sources */ = {isa = PBXBuildFile; fileRef = 03D374C9291AA29300AA0F58 /* EditCoordinator.swift */; };
		03D374CC291AA60600AA0F58 /* EditViewController.swift in Sources */ = {isa = PBXBuildFile; fileRef = 03D374CB291AA60500AA0F58 /* EditViewController.swift */; };
		03D44F40290FF81F0059BE72 /* UIImageView.swift in Sources */ = {isa = PBXBuildFile; fileRef = 03D44F3F290FF81F0059BE72 /* UIImageView.swift */; };
		03D44F42291056420059BE72 /* ProductListCellViewModel.swift in Sources */ = {isa = PBXBuildFile; fileRef = 03D44F41291056420059BE72 /* ProductListCellViewModel.swift */; };
		03D44F4429111DE20059BE72 /* CALayer.swift in Sources */ = {isa = PBXBuildFile; fileRef = 03D44F4329111DE20059BE72 /* CALayer.swift */; };
		03D44F46291149430059BE72 /* String.swift in Sources */ = {isa = PBXBuildFile; fileRef = 03D44F45291149430059BE72 /* String.swift */; };
		03D44F4A29119A0F0059BE72 /* DetailCoordinator.swift in Sources */ = {isa = PBXBuildFile; fileRef = 03D44F4929119A0F0059BE72 /* DetailCoordinator.swift */; };
		03D44F4D29119AD20059BE72 /* DetailViewModel.swift in Sources */ = {isa = PBXBuildFile; fileRef = 03D44F4C29119AD20059BE72 /* DetailViewModel.swift */; };
		03D44F5029119AE70059BE72 /* DetailView.swift in Sources */ = {isa = PBXBuildFile; fileRef = 03D44F4F29119AE70059BE72 /* DetailView.swift */; };
		03D44F5329120F720059BE72 /* DetailViewImagesCell.swift in Sources */ = {isa = PBXBuildFile; fileRef = 03D44F5229120F720059BE72 /* DetailViewImagesCell.swift */; };
		03D44F5529129E3E0059BE72 /* DetailViewController.swift in Sources */ = {isa = PBXBuildFile; fileRef = 03D44F5429129E3E0059BE72 /* DetailViewController.swift */; };
		03D44F592913E8F40059BE72 /* DetailViewModelItem.swift in Sources */ = {isa = PBXBuildFile; fileRef = 03D44F582913E8F40059BE72 /* DetailViewModelItem.swift */; };
		03D5E2DF28AE783400D3A333 /* ProductListCell.swift in Sources */ = {isa = PBXBuildFile; fileRef = 03D5E2DE28AE783400D3A333 /* ProductListCell.swift */; };
		03E0542728B7B28400279039 /* ProductPages.swift in Sources */ = {isa = PBXBuildFile; fileRef = 03E0542628B7B28400279039 /* ProductPages.swift */; };
		03E0542928B7B35100279039 /* Product.swift in Sources */ = {isa = PBXBuildFile; fileRef = 03E0542828B7B35100279039 /* Product.swift */; };
		03E0542D28B7B40A00279039 /* Vendor.swift in Sources */ = {isa = PBXBuildFile; fileRef = 03E0542C28B7B40A00279039 /* Vendor.swift */; };
		D2D9E82DCF3F75C40AEEC27B /* Pods_MMarket.framework in Frameworks */ = {isa = PBXBuildFile; fileRef = 881C89472E0E5D687FD2FE99 /* Pods_MMarket.framework */; };
/* End PBXBuildFile section */

/* Begin PBXFileReference section */
		030E832D28DB55DE00FE1BB8 /* Endpoint.swift */ = {isa = PBXFileReference; lastKnownFileType = sourcecode.swift; path = Endpoint.swift; sourceTree = "<group>"; };
		030E832F28DB58E800FE1BB8 /* NetworkError.swift */ = {isa = PBXFileReference; lastKnownFileType = sourcecode.swift; path = NetworkError.swift; sourceTree = "<group>"; };
		030E833128DB5B8F00FE1BB8 /* HTTPMethod.swift */ = {isa = PBXFileReference; lastKnownFileType = sourcecode.swift; path = HTTPMethod.swift; sourceTree = "<group>"; };
		030E833328DB672900FE1BB8 /* APIEndpoints.swift */ = {isa = PBXFileReference; lastKnownFileType = sourcecode.swift; path = APIEndpoints.swift; sourceTree = "<group>"; };
		030E833928DB93C600FE1BB8 /* ProductRepository.swift */ = {isa = PBXFileReference; lastKnownFileType = sourcecode.swift; path = ProductRepository.swift; sourceTree = "<group>"; };
		030E833C28DC5DF600FE1BB8 /* ProductPagesDTO.swift */ = {isa = PBXFileReference; lastKnownFileType = sourcecode.swift; path = ProductPagesDTO.swift; sourceTree = "<group>"; };
		030E833E28DC5E9700FE1BB8 /* ProductDTO.swift */ = {isa = PBXFileReference; lastKnownFileType = sourcecode.swift; path = ProductDTO.swift; sourceTree = "<group>"; };
		030E834028DC8E1200FE1BB8 /* ProductImageDTO.swift */ = {isa = PBXFileReference; lastKnownFileType = sourcecode.swift; path = ProductImageDTO.swift; sourceTree = "<group>"; };
		030E834228DC8E2A00FE1BB8 /* VendorDTO.swift */ = {isa = PBXFileReference; lastKnownFileType = sourcecode.swift; path = VendorDTO.swift; sourceTree = "<group>"; };
		030E834428DC933000FE1BB8 /* NetworkProvider.swift */ = {isa = PBXFileReference; lastKnownFileType = sourcecode.swift; path = NetworkProvider.swift; sourceTree = "<group>"; };
		030E834628DCA83F00FE1BB8 /* ProductImage.swift */ = {isa = PBXFileReference; lastKnownFileType = sourcecode.swift; path = ProductImage.swift; sourceTree = "<group>"; };
		030E834828DCA99F00FE1BB8 /* ProductRequest.swift */ = {isa = PBXFileReference; lastKnownFileType = sourcecode.swift; path = ProductRequest.swift; sourceTree = "<group>"; };
		030E834B28DCB02400FE1BB8 /* DefaultProductRepository.swift */ = {isa = PBXFileReference; lastKnownFileType = sourcecode.swift; path = DefaultProductRepository.swift; sourceTree = "<group>"; };
		03320D53290046FA0030C853 /* Coordinator.swift */ = {isa = PBXFileReference; lastKnownFileType = sourcecode.swift; path = Coordinator.swift; sourceTree = "<group>"; };
		03320D552900477C0030C853 /* AppCoordinator.swift */ = {isa = PBXFileReference; lastKnownFileType = sourcecode.swift; path = AppCoordinator.swift; sourceTree = "<group>"; };
		03320D58290058AF0030C853 /* MainCoordinator.swift */ = {isa = PBXFileReference; lastKnownFileType = sourcecode.swift; path = MainCoordinator.swift; sourceTree = "<group>"; };
		034CD38A2908485200CF5C08 /* ImageDownloader.swift */ = {isa = PBXFileReference; lastKnownFileType = sourcecode.swift; path = ImageDownloader.swift; sourceTree = "<group>"; };
		034CD38C290985C500CF5C08 /* ImageCacheManager.swift */ = {isa = PBXFileReference; lastKnownFileType = sourcecode.swift; path = ImageCacheManager.swift; sourceTree = "<group>"; };
		0350C8FD28E1FE0A007CCE4D /* MainViewModel.swift */ = {isa = PBXFileReference; lastKnownFileType = sourcecode.swift; path = MainViewModel.swift; sourceTree = "<group>"; };
		0361F47228DF5DB40010EC31 /* HTTPBodyBuilder.swift */ = {isa = PBXFileReference; lastKnownFileType = sourcecode.swift; path = HTTPBodyBuilder.swift; sourceTree = "<group>"; };
		0361F47528E075DB0010EC31 /* ProductUseCase.swift */ = {isa = PBXFileReference; lastKnownFileType = sourcecode.swift; path = ProductUseCase.swift; sourceTree = "<group>"; };
		0361F47928E0B3870010EC31 /* Data.swift */ = {isa = PBXFileReference; lastKnownFileType = sourcecode.swift; path = Data.swift; sourceTree = "<group>"; };
		03B04F9A28ABD91B00FA268D /* MMarket.app */ = {isa = PBXFileReference; explicitFileType = wrapper.application; includeInIndex = 0; path = MMarket.app; sourceTree = BUILT_PRODUCTS_DIR; };
		03B04F9D28ABD91B00FA268D /* AppDelegate.swift */ = {isa = PBXFileReference; lastKnownFileType = sourcecode.swift; path = AppDelegate.swift; sourceTree = "<group>"; };
		03B04F9F28ABD91B00FA268D /* SceneDelegate.swift */ = {isa = PBXFileReference; lastKnownFileType = sourcecode.swift; path = SceneDelegate.swift; sourceTree = "<group>"; };
		03B04FA128ABD91B00FA268D /* MainViewController.swift */ = {isa = PBXFileReference; lastKnownFileType = sourcecode.swift; path = MainViewController.swift; sourceTree = "<group>"; };
		03B04FA628ABD91C00FA268D /* Assets.xcassets */ = {isa = PBXFileReference; lastKnownFileType = folder.assetcatalog; path = Assets.xcassets; sourceTree = "<group>"; };
		03B04FA928ABD91C00FA268D /* Base */ = {isa = PBXFileReference; lastKnownFileType = file.storyboard; name = Base; path = Base.lproj/LaunchScreen.storyboard; sourceTree = "<group>"; };
		03B04FAB28ABD91C00FA268D /* Info.plist */ = {isa = PBXFileReference; lastKnownFileType = text.plist.xml; path = Info.plist; sourceTree = "<group>"; };
		03B04FB928AE6FE300FA268D /* MainView.swift */ = {isa = PBXFileReference; lastKnownFileType = sourcecode.swift; path = MainView.swift; sourceTree = "<group>"; };
		03D374B42915352F00AA0F58 /* RegisterViewModel.swift */ = {isa = PBXFileReference; lastKnownFileType = sourcecode.swift; path = RegisterViewModel.swift; sourceTree = "<group>"; };
		03D374B629153C5C00AA0F58 /* DividerLineView.swift */ = {isa = PBXFileReference; lastKnownFileType = sourcecode.swift; path = DividerLineView.swift; sourceTree = "<group>"; };
		03D374B92915444F00AA0F58 /* RegisterCoordinator.swift */ = {isa = PBXFileReference; lastKnownFileType = sourcecode.swift; path = RegisterCoordinator.swift; sourceTree = "<group>"; };
		03D374BC291562A500AA0F58 /* RegisterViewController.swift */ = {isa = PBXFileReference; lastKnownFileType = sourcecode.swift; path = RegisterViewController.swift; sourceTree = "<group>"; };
		03D374BE291562B700AA0F58 /* ProductUpdateView.swift */ = {isa = PBXFileReference; lastKnownFileType = sourcecode.swift; path = ProductUpdateView.swift; sourceTree = "<group>"; };
		03D374C02917DBD100AA0F58 /* AlertBuilder.swift */ = {isa = PBXFileReference; lastKnownFileType = sourcecode.swift; path = AlertBuilder.swift; sourceTree = "<group>"; };
		03D374C32919385E00AA0F58 /* BMDOHYEON_otf.otf */ = {isa = PBXFileReference; lastKnownFileType = file; path = BMDOHYEON_otf.otf; sourceTree = "<group>"; };
		03D374C529195BE900AA0F58 /* BMHANNAAir_ttf.ttf */ = {isa = PBXFileReference; lastKnownFileType = file; path = BMHANNAAir_ttf.ttf; sourceTree = "<group>"; };
		03D374C729196ABF00AA0F58 /* EditViewModel.swift */ = {isa = PBXFileReference; lastKnownFileType = sourcecode.swift; path = EditViewModel.swift; sourceTree = "<group>"; };
		03D374C9291AA29300AA0F58 /* EditCoordinator.swift */ = {isa = PBXFileReference; lastKnownFileType = sourcecode.swift; path = EditCoordinator.swift; sourceTree = "<group>"; };
		03D374CB291AA60500AA0F58 /* EditViewController.swift */ = {isa = PBXFileReference; lastKnownFileType = sourcecode.swift; path = EditViewController.swift; sourceTree = "<group>"; };
		03D44F3F290FF81F0059BE72 /* UIImageView.swift */ = {isa = PBXFileReference; lastKnownFileType = sourcecode.swift; path = UIImageView.swift; sourceTree = "<group>"; };
		03D44F41291056420059BE72 /* ProductListCellViewModel.swift */ = {isa = PBXFileReference; lastKnownFileType = sourcecode.swift; path = ProductListCellViewModel.swift; sourceTree = "<group>"; };
		03D44F4329111DE20059BE72 /* CALayer.swift */ = {isa = PBXFileReference; lastKnownFileType = sourcecode.swift; path = CALayer.swift; sourceTree = "<group>"; };
		03D44F45291149430059BE72 /* String.swift */ = {isa = PBXFileReference; lastKnownFileType = sourcecode.swift; path = String.swift; sourceTree = "<group>"; };
		03D44F4929119A0F0059BE72 /* DetailCoordinator.swift */ = {isa = PBXFileReference; lastKnownFileType = sourcecode.swift; path = DetailCoordinator.swift; sourceTree = "<group>"; };
		03D44F4C29119AD20059BE72 /* DetailViewModel.swift */ = {isa = PBXFileReference; lastKnownFileType = sourcecode.swift; path = DetailViewModel.swift; sourceTree = "<group>"; };
		03D44F4F29119AE70059BE72 /* DetailView.swift */ = {isa = PBXFileReference; lastKnownFileType = sourcecode.swift; path = DetailView.swift; sourceTree = "<group>"; };
		03D44F5229120F720059BE72 /* DetailViewImagesCell.swift */ = {isa = PBXFileReference; lastKnownFileType = sourcecode.swift; path = DetailViewImagesCell.swift; sourceTree = "<group>"; };
		03D44F5429129E3E0059BE72 /* DetailViewController.swift */ = {isa = PBXFileReference; lastKnownFileType = sourcecode.swift; path = DetailViewController.swift; sourceTree = "<group>"; };
		03D44F582913E8F40059BE72 /* DetailViewModelItem.swift */ = {isa = PBXFileReference; lastKnownFileType = sourcecode.swift; path = DetailViewModelItem.swift; sourceTree = "<group>"; };
		03D5E2DE28AE783400D3A333 /* ProductListCell.swift */ = {isa = PBXFileReference; lastKnownFileType = sourcecode.swift; path = ProductListCell.swift; sourceTree = "<group>"; };
		03E0542628B7B28400279039 /* ProductPages.swift */ = {isa = PBXFileReference; lastKnownFileType = sourcecode.swift; path = ProductPages.swift; sourceTree = "<group>"; };
		03E0542828B7B35100279039 /* Product.swift */ = {isa = PBXFileReference; lastKnownFileType = sourcecode.swift; path = Product.swift; sourceTree = "<group>"; };
		03E0542C28B7B40A00279039 /* Vendor.swift */ = {isa = PBXFileReference; lastKnownFileType = sourcecode.swift; path = Vendor.swift; sourceTree = "<group>"; };
		881C89472E0E5D687FD2FE99 /* Pods_MMarket.framework */ = {isa = PBXFileReference; explicitFileType = wrapper.framework; includeInIndex = 0; path = Pods_MMarket.framework; sourceTree = BUILT_PRODUCTS_DIR; };
		8F7A7B342CDE505C3EBF49F8 /* Pods-MMarket.debug.xcconfig */ = {isa = PBXFileReference; includeInIndex = 1; lastKnownFileType = text.xcconfig; name = "Pods-MMarket.debug.xcconfig"; path = "Target Support Files/Pods-MMarket/Pods-MMarket.debug.xcconfig"; sourceTree = "<group>"; };
		916449E82688729964040A54 /* Pods-MMarket.release.xcconfig */ = {isa = PBXFileReference; includeInIndex = 1; lastKnownFileType = text.xcconfig; name = "Pods-MMarket.release.xcconfig"; path = "Target Support Files/Pods-MMarket/Pods-MMarket.release.xcconfig"; sourceTree = "<group>"; };
/* End PBXFileReference section */

/* Begin PBXFrameworksBuildPhase section */
		03B04F9728ABD91B00FA268D /* Frameworks */ = {
			isa = PBXFrameworksBuildPhase;
			buildActionMask = 2147483647;
			files = (
				D2D9E82DCF3F75C40AEEC27B /* Pods_MMarket.framework in Frameworks */,
			);
			runOnlyForDeploymentPostprocessing = 0;
		};
/* End PBXFrameworksBuildPhase section */

/* Begin PBXGroup section */
		030E832B28DB54A100FE1BB8 /* Data */ = {
			isa = PBXGroup;
			children = (
				030E833B28DC5DAD00FE1BB8 /* DTO */,
				030E832C28DB54FC00FE1BB8 /* Network */,
				030E834A28DCAFFE00FE1BB8 /* Repository */,
			);
			path = Data;
			sourceTree = "<group>";
		};
		030E832C28DB54FC00FE1BB8 /* Network */ = {
			isa = PBXGroup;
			children = (
				030E832D28DB55DE00FE1BB8 /* Endpoint.swift */,
				030E833328DB672900FE1BB8 /* APIEndpoints.swift */,
				030E833128DB5B8F00FE1BB8 /* HTTPMethod.swift */,
				0361F47228DF5DB40010EC31 /* HTTPBodyBuilder.swift */,
				030E834428DC933000FE1BB8 /* NetworkProvider.swift */,
				030E832F28DB58E800FE1BB8 /* NetworkError.swift */,
				03F64C13291C1B6E00DEBE9B /* ImageNetwork */,
			);
			path = Network;
			sourceTree = "<group>";
		};
		030E833828DB93A900FE1BB8 /* Interface */ = {
			isa = PBXGroup;
			children = (
				030E833928DB93C600FE1BB8 /* ProductRepository.swift */,
			);
			path = Interface;
			sourceTree = "<group>";
		};
		030E833B28DC5DAD00FE1BB8 /* DTO */ = {
			isa = PBXGroup;
			children = (
				030E833C28DC5DF600FE1BB8 /* ProductPagesDTO.swift */,
				030E833E28DC5E9700FE1BB8 /* ProductDTO.swift */,
				030E834028DC8E1200FE1BB8 /* ProductImageDTO.swift */,
				030E834228DC8E2A00FE1BB8 /* VendorDTO.swift */,
			);
			path = DTO;
			sourceTree = "<group>";
		};
		030E834A28DCAFFE00FE1BB8 /* Repository */ = {
			isa = PBXGroup;
			children = (
				030E834B28DCB02400FE1BB8 /* DefaultProductRepository.swift */,
			);
			path = Repository;
			sourceTree = "<group>";
		};
		03320D51290046CB0030C853 /* Application */ = {
			isa = PBXGroup;
			children = (
				03320D52290046E40030C853 /* Coordinator */,
				03B04F9D28ABD91B00FA268D /* AppDelegate.swift */,
				03B04F9F28ABD91B00FA268D /* SceneDelegate.swift */,
			);
			path = Application;
			sourceTree = "<group>";
		};
		03320D52290046E40030C853 /* Coordinator */ = {
			isa = PBXGroup;
			children = (
				03320D53290046FA0030C853 /* Coordinator.swift */,
				03320D552900477C0030C853 /* AppCoordinator.swift */,
			);
			path = Coordinator;
			sourceTree = "<group>";
		};
		03320D572900589F0030C853 /* Coordinaotr */ = {
			isa = PBXGroup;
			children = (
				03320D58290058AF0030C853 /* MainCoordinator.swift */,
			);
			path = Coordinaotr;
			sourceTree = "<group>";
		};
		0350C8FC28E1FDE1007CCE4D /* ViewModel */ = {
			isa = PBXGroup;
			children = (
				0350C8FD28E1FE0A007CCE4D /* MainViewModel.swift */,
				03D44F41291056420059BE72 /* ProductListCellViewModel.swift */,
			);
			path = ViewModel;
			sourceTree = "<group>";
		};
		0361F47428E075BF0010EC31 /* UseCases */ = {
			isa = PBXGroup;
			children = (
				0361F47528E075DB0010EC31 /* ProductUseCase.swift */,
			);
			path = UseCases;
			sourceTree = "<group>";
		};
		0361F47728E0B3640010EC31 /* Util */ = {
			isa = PBXGroup;
			children = (
				03D374B629153C5C00AA0F58 /* DividerLineView.swift */,
				03D374C02917DBD100AA0F58 /* AlertBuilder.swift */,
				0361F47828E0B3740010EC31 /* Extension */,
			);
			path = Util;
			sourceTree = "<group>";
		};
		0361F47828E0B3740010EC31 /* Extension */ = {
			isa = PBXGroup;
			children = (
				0361F47928E0B3870010EC31 /* Data.swift */,
				03D44F3F290FF81F0059BE72 /* UIImageView.swift */,
				03D44F4329111DE20059BE72 /* CALayer.swift */,
				03D44F45291149430059BE72 /* String.swift */,
			);
			path = Extension;
			sourceTree = "<group>";
		};
		038C3CA928B9054000D591BA /* Cell */ = {
			isa = PBXGroup;
			children = (
				03D5E2DE28AE783400D3A333 /* ProductListCell.swift */,
			);
			path = Cell;
			sourceTree = "<group>";
		};
		03B04F9128ABD91B00FA268D = {
			isa = PBXGroup;
			children = (
				03B04F9C28ABD91B00FA268D /* MMarket */,
				03B04F9B28ABD91B00FA268D /* Products */,
				57E2E23A1D0FD5E375BC9D97 /* Pods */,
				6F941D3E84C68C903911E5E9 /* Frameworks */,
			);
			sourceTree = "<group>";
		};
		03B04F9B28ABD91B00FA268D /* Products */ = {
			isa = PBXGroup;
			children = (
				03B04F9A28ABD91B00FA268D /* MMarket.app */,
			);
			name = Products;
			sourceTree = "<group>";
		};
		03B04F9C28ABD91B00FA268D /* MMarket */ = {
			isa = PBXGroup;
			children = (
				03D374C22919384600AA0F58 /* Font */,
				03320D51290046CB0030C853 /* Application */,
				0361F47728E0B3640010EC31 /* Util */,
				030E832B28DB54A100FE1BB8 /* Data */,
				03E0542428B7B20000279039 /* Domain */,
				03B04FB128ABE26500FA268D /* Presentation */,
				03B04FA628ABD91C00FA268D /* Assets.xcassets */,
				03B04FAB28ABD91C00FA268D /* Info.plist */,
			);
			path = MMarket;
			sourceTree = "<group>";
		};
		03B04FB128ABE26500FA268D /* Presentation */ = {
			isa = PBXGroup;
			children = (
				03B04FB228ABE28900FA268D /* Main */,
				03D44F47291199CD0059BE72 /* Detail */,
				03D374B2291534A000AA0F58 /* Register */,
				03B04FA828ABD91C00FA268D /* LaunchScreen.storyboard */,
			);
			path = Presentation;
			sourceTree = "<group>";
		};
		03B04FB228ABE28900FA268D /* Main */ = {
			isa = PBXGroup;
			children = (
				03320D572900589F0030C853 /* Coordinaotr */,
				03B04FB328ABE29800FA268D /* View */,
				0350C8FC28E1FDE1007CCE4D /* ViewModel */,
			);
			path = Main;
			sourceTree = "<group>";
		};
		03B04FB328ABE29800FA268D /* View */ = {
			isa = PBXGroup;
			children = (
				03B04FB928AE6FE300FA268D /* MainView.swift */,
				03B04FA128ABD91B00FA268D /* MainViewController.swift */,
				038C3CA928B9054000D591BA /* Cell */,
			);
			path = View;
			sourceTree = "<group>";
		};
		03D374B2291534A000AA0F58 /* Register */ = {
			isa = PBXGroup;
			children = (
				03D374B82915443300AA0F58 /* Coordinator */,
				03D374BB2915628A00AA0F58 /* View */,
				03D374B3291534B200AA0F58 /* ViewModel */,
			);
			path = Register;
			sourceTree = "<group>";
		};
		03D374B3291534B200AA0F58 /* ViewModel */ = {
			isa = PBXGroup;
			children = (
				03D374B42915352F00AA0F58 /* RegisterViewModel.swift */,
				03D374C729196ABF00AA0F58 /* EditViewModel.swift */,
			);
			path = ViewModel;
			sourceTree = "<group>";
		};
		03D374B82915443300AA0F58 /* Coordinator */ = {
			isa = PBXGroup;
			children = (
				03D374B92915444F00AA0F58 /* RegisterCoordinator.swift */,
				03D374C9291AA29300AA0F58 /* EditCoordinator.swift */,
			);
			path = Coordinator;
			sourceTree = "<group>";
		};
		03D374BB2915628A00AA0F58 /* View */ = {
			isa = PBXGroup;
			children = (
				03D374BE291562B700AA0F58 /* ProductUpdateView.swift */,
				03D374BC291562A500AA0F58 /* RegisterViewController.swift */,
				03D374CB291AA60500AA0F58 /* EditViewController.swift */,
			);
			path = View;
			sourceTree = "<group>";
		};
		03D374C22919384600AA0F58 /* Font */ = {
			isa = PBXGroup;
			children = (
				03D374C32919385E00AA0F58 /* BMDOHYEON_otf.otf */,
				03D374C529195BE900AA0F58 /* BMHANNAAir_ttf.ttf */,
			);
			path = Font;
			sourceTree = "<group>";
		};
		03D44F47291199CD0059BE72 /* Detail */ = {
			isa = PBXGroup;
			children = (
				03D44F48291199D80059BE72 /* Coordinator */,
				03D44F4E29119AD70059BE72 /* View */,
				03D44F4B29119AB50059BE72 /* ViewModel */,
			);
			path = Detail;
			sourceTree = "<group>";
		};
		03D44F48291199D80059BE72 /* Coordinator */ = {
			isa = PBXGroup;
			children = (
				03D44F4929119A0F0059BE72 /* DetailCoordinator.swift */,
			);
			path = Coordinator;
			sourceTree = "<group>";
		};
		03D44F4B29119AB50059BE72 /* ViewModel */ = {
			isa = PBXGroup;
			children = (
				03D44F4C29119AD20059BE72 /* DetailViewModel.swift */,
				03D44F582913E8F40059BE72 /* DetailViewModelItem.swift */,
			);
			path = ViewModel;
			sourceTree = "<group>";
		};
		03D44F4E29119AD70059BE72 /* View */ = {
			isa = PBXGroup;
			children = (
				03D44F4F29119AE70059BE72 /* DetailView.swift */,
				03D44F5429129E3E0059BE72 /* DetailViewController.swift */,
				03D44F5129120F590059BE72 /* Cell */,
			);
			path = View;
			sourceTree = "<group>";
		};
		03D44F5129120F590059BE72 /* Cell */ = {
			isa = PBXGroup;
			children = (
				03D44F5229120F720059BE72 /* DetailViewImagesCell.swift */,
			);
			path = Cell;
			sourceTree = "<group>";
		};
		03E0542428B7B20000279039 /* Domain */ = {
			isa = PBXGroup;
			children = (
				030E833828DB93A900FE1BB8 /* Interface */,
				03E0542528B7B23900279039 /* Entities */,
				0361F47428E075BF0010EC31 /* UseCases */,
			);
			path = Domain;
			sourceTree = "<group>";
		};
		03E0542528B7B23900279039 /* Entities */ = {
			isa = PBXGroup;
			children = (
				03E0542628B7B28400279039 /* ProductPages.swift */,
				03E0542828B7B35100279039 /* Product.swift */,
				030E834628DCA83F00FE1BB8 /* ProductImage.swift */,
				03E0542C28B7B40A00279039 /* Vendor.swift */,
				030E834828DCA99F00FE1BB8 /* ProductRequest.swift */,
			);
			path = Entities;
			sourceTree = "<group>";
		};
		03F64C13291C1B6E00DEBE9B /* ImageNetwork */ = {
			isa = PBXGroup;
			children = (
				034CD38A2908485200CF5C08 /* ImageDownloader.swift */,
				034CD38C290985C500CF5C08 /* ImageCacheManager.swift */,
			);
			path = ImageNetwork;
			sourceTree = "<group>";
		};
		57E2E23A1D0FD5E375BC9D97 /* Pods */ = {
			isa = PBXGroup;
			children = (
				8F7A7B342CDE505C3EBF49F8 /* Pods-MMarket.debug.xcconfig */,
				916449E82688729964040A54 /* Pods-MMarket.release.xcconfig */,
			);
			path = Pods;
			sourceTree = "<group>";
		};
		6F941D3E84C68C903911E5E9 /* Frameworks */ = {
			isa = PBXGroup;
			children = (
				881C89472E0E5D687FD2FE99 /* Pods_MMarket.framework */,
			);
			name = Frameworks;
			sourceTree = "<group>";
		};
/* End PBXGroup section */

/* Begin PBXNativeTarget section */
		03B04F9928ABD91B00FA268D /* MMarket */ = {
			isa = PBXNativeTarget;
			buildConfigurationList = 03B04FAE28ABD91C00FA268D /* Build configuration list for PBXNativeTarget "MMarket" */;
			buildPhases = (
				74B1657051714DD08718FF0B /* [CP] Check Pods Manifest.lock */,
				03B04F9628ABD91B00FA268D /* Sources */,
				03B04F9728ABD91B00FA268D /* Frameworks */,
				03B04F9828ABD91B00FA268D /* Resources */,
				2B01DC9E453DA10456552436 /* [CP] Embed Pods Frameworks */,
			);
			buildRules = (
			);
			dependencies = (
			);
			name = MMarket;
			productName = MMarket;
			productReference = 03B04F9A28ABD91B00FA268D /* MMarket.app */;
			productType = "com.apple.product-type.application";
		};
/* End PBXNativeTarget section */

/* Begin PBXProject section */
		03B04F9228ABD91B00FA268D /* Project object */ = {
			isa = PBXProject;
			attributes = {
				BuildIndependentTargetsInParallel = 1;
				LastSwiftUpdateCheck = 1320;
				LastUpgradeCheck = 1320;
				TargetAttributes = {
					03B04F9928ABD91B00FA268D = {
						CreatedOnToolsVersion = 13.2.1;
					};
				};
			};
			buildConfigurationList = 03B04F9528ABD91B00FA268D /* Build configuration list for PBXProject "MMarket" */;
			compatibilityVersion = "Xcode 13.0";
			developmentRegion = en;
			hasScannedForEncodings = 0;
			knownRegions = (
				en,
				Base,
			);
			mainGroup = 03B04F9128ABD91B00FA268D;
			productRefGroup = 03B04F9B28ABD91B00FA268D /* Products */;
			projectDirPath = "";
			projectRoot = "";
			targets = (
				03B04F9928ABD91B00FA268D /* MMarket */,
			);
		};
/* End PBXProject section */

/* Begin PBXResourcesBuildPhase section */
		03B04F9828ABD91B00FA268D /* Resources */ = {
			isa = PBXResourcesBuildPhase;
			buildActionMask = 2147483647;
			files = (
				03D374C629195BE900AA0F58 /* BMHANNAAir_ttf.ttf in Resources */,
				03B04FAA28ABD91C00FA268D /* LaunchScreen.storyboard in Resources */,
				03B04FA728ABD91C00FA268D /* Assets.xcassets in Resources */,
				03D374C42919385E00AA0F58 /* BMDOHYEON_otf.otf in Resources */,
			);
			runOnlyForDeploymentPostprocessing = 0;
		};
/* End PBXResourcesBuildPhase section */

/* Begin PBXShellScriptBuildPhase section */
		2B01DC9E453DA10456552436 /* [CP] Embed Pods Frameworks */ = {
			isa = PBXShellScriptBuildPhase;
			buildActionMask = 2147483647;
			files = (
			);
			inputFileListPaths = (
				"${PODS_ROOT}/Target Support Files/Pods-MMarket/Pods-MMarket-frameworks-${CONFIGURATION}-input-files.xcfilelist",
			);
			name = "[CP] Embed Pods Frameworks";
			outputFileListPaths = (
				"${PODS_ROOT}/Target Support Files/Pods-MMarket/Pods-MMarket-frameworks-${CONFIGURATION}-output-files.xcfilelist",
			);
			runOnlyForDeploymentPostprocessing = 0;
			shellPath = /bin/sh;
			shellScript = "\"${PODS_ROOT}/Target Support Files/Pods-MMarket/Pods-MMarket-frameworks.sh\"\n";
			showEnvVarsInLog = 0;
		};
		74B1657051714DD08718FF0B /* [CP] Check Pods Manifest.lock */ = {
			isa = PBXShellScriptBuildPhase;
			buildActionMask = 2147483647;
			files = (
			);
			inputFileListPaths = (
			);
			inputPaths = (
				"${PODS_PODFILE_DIR_PATH}/Podfile.lock",
				"${PODS_ROOT}/Manifest.lock",
			);
			name = "[CP] Check Pods Manifest.lock";
			outputFileListPaths = (
			);
			outputPaths = (
				"$(DERIVED_FILE_DIR)/Pods-MMarket-checkManifestLockResult.txt",
			);
			runOnlyForDeploymentPostprocessing = 0;
			shellPath = /bin/sh;
			shellScript = "diff \"${PODS_PODFILE_DIR_PATH}/Podfile.lock\" \"${PODS_ROOT}/Manifest.lock\" > /dev/null\nif [ $? != 0 ] ; then\n    # print error to STDERR\n    echo \"error: The sandbox is not in sync with the Podfile.lock. Run 'pod install' or update your CocoaPods installation.\" >&2\n    exit 1\nfi\n# This output is used by Xcode 'outputs' to avoid re-running this script phase.\necho \"SUCCESS\" > \"${SCRIPT_OUTPUT_FILE_0}\"\n";
			showEnvVarsInLog = 0;
		};
/* End PBXShellScriptBuildPhase section */

/* Begin PBXSourcesBuildPhase section */
		03B04F9628ABD91B00FA268D /* Sources */ = {
			isa = PBXSourcesBuildPhase;
			buildActionMask = 2147483647;
			files = (
				03D44F5529129E3E0059BE72 /* DetailViewController.swift in Sources */,
				03B04FA228ABD91B00FA268D /* MainViewController.swift in Sources */,
				03D374B729153C5C00AA0F58 /* DividerLineView.swift in Sources */,
				03E0542928B7B35100279039 /* Product.swift in Sources */,
				03D44F42291056420059BE72 /* ProductListCellViewModel.swift in Sources */,
				0361F47328DF5DB40010EC31 /* HTTPBodyBuilder.swift in Sources */,
				030E833228DB5B8F00FE1BB8 /* HTTPMethod.swift in Sources */,
				034CD38D290985C500CF5C08 /* ImageCacheManager.swift in Sources */,
				03D374C12917DBD100AA0F58 /* AlertBuilder.swift in Sources */,
				03B04FBA28AE6FE300FA268D /* MainView.swift in Sources */,
				03D44F5329120F720059BE72 /* DetailViewImagesCell.swift in Sources */,
				0350C8FE28E1FE0A007CCE4D /* MainViewModel.swift in Sources */,
				030E834928DCA99F00FE1BB8 /* ProductRequest.swift in Sources */,
				03D44F40290FF81F0059BE72 /* UIImageView.swift in Sources */,
				0361F47A28E0B3870010EC31 /* Data.swift in Sources */,
				03320D54290046FA0030C853 /* Coordinator.swift in Sources */,
				03E0542728B7B28400279039 /* ProductPages.swift in Sources */,
				030E833F28DC5E9700FE1BB8 /* ProductDTO.swift in Sources */,
				03D374B52915352F00AA0F58 /* RegisterViewModel.swift in Sources */,
				03D44F46291149430059BE72 /* String.swift in Sources */,
				03B04F9E28ABD91B00FA268D /* AppDelegate.swift in Sources */,
				03320D59290058AF0030C853 /* MainCoordinator.swift in Sources */,
				0361F47628E075DB0010EC31 /* ProductUseCase.swift in Sources */,
				030E834128DC8E1200FE1BB8 /* ProductImageDTO.swift in Sources */,
				03D374BD291562A500AA0F58 /* RegisterViewController.swift in Sources */,
				030E833428DB672900FE1BB8 /* APIEndpoints.swift in Sources */,
				03D374CA291AA29300AA0F58 /* EditCoordinator.swift in Sources */,
				034CD38B2908485300CF5C08 /* ImageDownloader.swift in Sources */,
				030E834528DC933000FE1BB8 /* NetworkProvider.swift in Sources */,
				03E0542D28B7B40A00279039 /* Vendor.swift in Sources */,
				03D5E2DF28AE783400D3A333 /* ProductListCell.swift in Sources */,
				03D374C829196ABF00AA0F58 /* EditViewModel.swift in Sources */,
				03B04FA028ABD91B00FA268D /* SceneDelegate.swift in Sources */,
				03D44F5029119AE70059BE72 /* DetailView.swift in Sources */,
				030E833A28DB93C600FE1BB8 /* ProductRepository.swift in Sources */,
				03320D562900477C0030C853 /* AppCoordinator.swift in Sources */,
				03D374BA2915444F00AA0F58 /* RegisterCoordinator.swift in Sources */,
				030E833028DB58E800FE1BB8 /* NetworkError.swift in Sources */,
				03D44F4A29119A0F0059BE72 /* DetailCoordinator.swift in Sources */,
				03D374BF291562B700AA0F58 /* ProductUpdateView.swift in Sources */,
				030E832E28DB55DF00FE1BB8 /* Endpoint.swift in Sources */,
				03D374CC291AA60600AA0F58 /* EditViewController.swift in Sources */,
				030E833D28DC5DF600FE1BB8 /* ProductPagesDTO.swift in Sources */,
				03D44F592913E8F40059BE72 /* DetailViewModelItem.swift in Sources */,
				03D44F4D29119AD20059BE72 /* DetailViewModel.swift in Sources */,
				030E834728DCA83F00FE1BB8 /* ProductImage.swift in Sources */,
				03D44F4429111DE20059BE72 /* CALayer.swift in Sources */,
				030E834C28DCB02400FE1BB8 /* DefaultProductRepository.swift in Sources */,
				030E834328DC8E2A00FE1BB8 /* VendorDTO.swift in Sources */,
			);
			runOnlyForDeploymentPostprocessing = 0;
		};
/* End PBXSourcesBuildPhase section */

/* Begin PBXVariantGroup section */
		03B04FA828ABD91C00FA268D /* LaunchScreen.storyboard */ = {
			isa = PBXVariantGroup;
			children = (
				03B04FA928ABD91C00FA268D /* Base */,
			);
			name = LaunchScreen.storyboard;
			sourceTree = "<group>";
		};
/* End PBXVariantGroup section */

/* Begin XCBuildConfiguration section */
		03B04FAC28ABD91C00FA268D /* Debug */ = {
			isa = XCBuildConfiguration;
			buildSettings = {
				ALWAYS_SEARCH_USER_PATHS = NO;
				CLANG_ANALYZER_NONNULL = YES;
				CLANG_ANALYZER_NUMBER_OBJECT_CONVERSION = YES_AGGRESSIVE;
				CLANG_CXX_LANGUAGE_STANDARD = "gnu++17";
				CLANG_CXX_LIBRARY = "libc++";
				CLANG_ENABLE_MODULES = YES;
				CLANG_ENABLE_OBJC_ARC = YES;
				CLANG_ENABLE_OBJC_WEAK = YES;
				CLANG_WARN_BLOCK_CAPTURE_AUTORELEASING = YES;
				CLANG_WARN_BOOL_CONVERSION = YES;
				CLANG_WARN_COMMA = YES;
				CLANG_WARN_CONSTANT_CONVERSION = YES;
				CLANG_WARN_DEPRECATED_OBJC_IMPLEMENTATIONS = YES;
				CLANG_WARN_DIRECT_OBJC_ISA_USAGE = YES_ERROR;
				CLANG_WARN_DOCUMENTATION_COMMENTS = YES;
				CLANG_WARN_EMPTY_BODY = YES;
				CLANG_WARN_ENUM_CONVERSION = YES;
				CLANG_WARN_INFINITE_RECURSION = YES;
				CLANG_WARN_INT_CONVERSION = YES;
				CLANG_WARN_NON_LITERAL_NULL_CONVERSION = YES;
				CLANG_WARN_OBJC_IMPLICIT_RETAIN_SELF = YES;
				CLANG_WARN_OBJC_LITERAL_CONVERSION = YES;
				CLANG_WARN_OBJC_ROOT_CLASS = YES_ERROR;
				CLANG_WARN_QUOTED_INCLUDE_IN_FRAMEWORK_HEADER = YES;
				CLANG_WARN_RANGE_LOOP_ANALYSIS = YES;
				CLANG_WARN_STRICT_PROTOTYPES = YES;
				CLANG_WARN_SUSPICIOUS_MOVE = YES;
				CLANG_WARN_UNGUARDED_AVAILABILITY = YES_AGGRESSIVE;
				CLANG_WARN_UNREACHABLE_CODE = YES;
				CLANG_WARN__DUPLICATE_METHOD_MATCH = YES;
				COPY_PHASE_STRIP = NO;
				DEBUG_INFORMATION_FORMAT = dwarf;
				ENABLE_STRICT_OBJC_MSGSEND = YES;
				ENABLE_TESTABILITY = YES;
				GCC_C_LANGUAGE_STANDARD = gnu11;
				GCC_DYNAMIC_NO_PIC = NO;
				GCC_NO_COMMON_BLOCKS = YES;
				GCC_OPTIMIZATION_LEVEL = 0;
				GCC_PREPROCESSOR_DEFINITIONS = (
					"DEBUG=1",
					"$(inherited)",
				);
				GCC_WARN_64_TO_32_BIT_CONVERSION = YES;
				GCC_WARN_ABOUT_RETURN_TYPE = YES_ERROR;
				GCC_WARN_UNDECLARED_SELECTOR = YES;
				GCC_WARN_UNINITIALIZED_AUTOS = YES_AGGRESSIVE;
				GCC_WARN_UNUSED_FUNCTION = YES;
				GCC_WARN_UNUSED_VARIABLE = YES;
				IPHONEOS_DEPLOYMENT_TARGET = 15.2;
				MTL_ENABLE_DEBUG_INFO = INCLUDE_SOURCE;
				MTL_FAST_MATH = YES;
				ONLY_ACTIVE_ARCH = YES;
				SDKROOT = iphoneos;
				SWIFT_ACTIVE_COMPILATION_CONDITIONS = DEBUG;
				SWIFT_OPTIMIZATION_LEVEL = "-Onone";
			};
			name = Debug;
		};
		03B04FAD28ABD91C00FA268D /* Release */ = {
			isa = XCBuildConfiguration;
			buildSettings = {
				ALWAYS_SEARCH_USER_PATHS = NO;
				CLANG_ANALYZER_NONNULL = YES;
				CLANG_ANALYZER_NUMBER_OBJECT_CONVERSION = YES_AGGRESSIVE;
				CLANG_CXX_LANGUAGE_STANDARD = "gnu++17";
				CLANG_CXX_LIBRARY = "libc++";
				CLANG_ENABLE_MODULES = YES;
				CLANG_ENABLE_OBJC_ARC = YES;
				CLANG_ENABLE_OBJC_WEAK = YES;
				CLANG_WARN_BLOCK_CAPTURE_AUTORELEASING = YES;
				CLANG_WARN_BOOL_CONVERSION = YES;
				CLANG_WARN_COMMA = YES;
				CLANG_WARN_CONSTANT_CONVERSION = YES;
				CLANG_WARN_DEPRECATED_OBJC_IMPLEMENTATIONS = YES;
				CLANG_WARN_DIRECT_OBJC_ISA_USAGE = YES_ERROR;
				CLANG_WARN_DOCUMENTATION_COMMENTS = YES;
				CLANG_WARN_EMPTY_BODY = YES;
				CLANG_WARN_ENUM_CONVERSION = YES;
				CLANG_WARN_INFINITE_RECURSION = YES;
				CLANG_WARN_INT_CONVERSION = YES;
				CLANG_WARN_NON_LITERAL_NULL_CONVERSION = YES;
				CLANG_WARN_OBJC_IMPLICIT_RETAIN_SELF = YES;
				CLANG_WARN_OBJC_LITERAL_CONVERSION = YES;
				CLANG_WARN_OBJC_ROOT_CLASS = YES_ERROR;
				CLANG_WARN_QUOTED_INCLUDE_IN_FRAMEWORK_HEADER = YES;
				CLANG_WARN_RANGE_LOOP_ANALYSIS = YES;
				CLANG_WARN_STRICT_PROTOTYPES = YES;
				CLANG_WARN_SUSPICIOUS_MOVE = YES;
				CLANG_WARN_UNGUARDED_AVAILABILITY = YES_AGGRESSIVE;
				CLANG_WARN_UNREACHABLE_CODE = YES;
				CLANG_WARN__DUPLICATE_METHOD_MATCH = YES;
				COPY_PHASE_STRIP = NO;
				DEBUG_INFORMATION_FORMAT = "dwarf-with-dsym";
				ENABLE_NS_ASSERTIONS = NO;
				ENABLE_STRICT_OBJC_MSGSEND = YES;
				GCC_C_LANGUAGE_STANDARD = gnu11;
				GCC_NO_COMMON_BLOCKS = YES;
				GCC_WARN_64_TO_32_BIT_CONVERSION = YES;
				GCC_WARN_ABOUT_RETURN_TYPE = YES_ERROR;
				GCC_WARN_UNDECLARED_SELECTOR = YES;
				GCC_WARN_UNINITIALIZED_AUTOS = YES_AGGRESSIVE;
				GCC_WARN_UNUSED_FUNCTION = YES;
				GCC_WARN_UNUSED_VARIABLE = YES;
				IPHONEOS_DEPLOYMENT_TARGET = 15.2;
				MTL_ENABLE_DEBUG_INFO = NO;
				MTL_FAST_MATH = YES;
				SDKROOT = iphoneos;
				SWIFT_COMPILATION_MODE = wholemodule;
				SWIFT_OPTIMIZATION_LEVEL = "-O";
				VALIDATE_PRODUCT = YES;
			};
			name = Release;
		};
		03B04FAF28ABD91C00FA268D /* Debug */ = {
			isa = XCBuildConfiguration;
			baseConfigurationReference = 8F7A7B342CDE505C3EBF49F8 /* Pods-MMarket.debug.xcconfig */;
			buildSettings = {
				ASSETCATALOG_COMPILER_APPICON_NAME = AppIcon;
				ASSETCATALOG_COMPILER_GLOBAL_ACCENT_COLOR_NAME = AccentColor;
				CODE_SIGN_STYLE = Automatic;
				CURRENT_PROJECT_VERSION = 1;
				DEVELOPMENT_TEAM = H7XUJ59Z6C;
				GENERATE_INFOPLIST_FILE = YES;
				INFOPLIST_FILE = MMarket/Info.plist;
				INFOPLIST_KEY_UIApplicationSupportsIndirectInputEvents = YES;
				INFOPLIST_KEY_UILaunchStoryboardName = LaunchScreen;
				INFOPLIST_KEY_UISupportedInterfaceOrientations_iPad = "UIInterfaceOrientationPortrait UIInterfaceOrientationPortraitUpsideDown UIInterfaceOrientationLandscapeLeft UIInterfaceOrientationLandscapeRight";
				INFOPLIST_KEY_UISupportedInterfaceOrientations_iPhone = "UIInterfaceOrientationPortrait UIInterfaceOrientationLandscapeLeft UIInterfaceOrientationLandscapeRight";
				LD_RUNPATH_SEARCH_PATHS = (
					"$(inherited)",
					"@executable_path/Frameworks",
				);
				MARKETING_VERSION = 1.0;
				PRODUCT_BUNDLE_IDENTIFIER = com.MMIM.MMarket;
				PRODUCT_NAME = "$(TARGET_NAME)";
				SWIFT_EMIT_LOC_STRINGS = YES;
				SWIFT_VERSION = 5.0;
				TARGETED_DEVICE_FAMILY = "1,2";
			};
			name = Debug;
		};
		03B04FB028ABD91C00FA268D /* Release */ = {
			isa = XCBuildConfiguration;
			baseConfigurationReference = 916449E82688729964040A54 /* Pods-MMarket.release.xcconfig */;
			buildSettings = {
				ASSETCATALOG_COMPILER_APPICON_NAME = AppIcon;
				ASSETCATALOG_COMPILER_GLOBAL_ACCENT_COLOR_NAME = AccentColor;
				CODE_SIGN_STYLE = Automatic;
				CURRENT_PROJECT_VERSION = 1;
				DEVELOPMENT_TEAM = H7XUJ59Z6C;
				GENERATE_INFOPLIST_FILE = YES;
				INFOPLIST_FILE = MMarket/Info.plist;
				INFOPLIST_KEY_UIApplicationSupportsIndirectInputEvents = YES;
				INFOPLIST_KEY_UILaunchStoryboardName = LaunchScreen;
				INFOPLIST_KEY_UISupportedInterfaceOrientations_iPad = "UIInterfaceOrientationPortrait UIInterfaceOrientationPortraitUpsideDown UIInterfaceOrientationLandscapeLeft UIInterfaceOrientationLandscapeRight";
				INFOPLIST_KEY_UISupportedInterfaceOrientations_iPhone = "UIInterfaceOrientationPortrait UIInterfaceOrientationLandscapeLeft UIInterfaceOrientationLandscapeRight";
				LD_RUNPATH_SEARCH_PATHS = (
					"$(inherited)",
					"@executable_path/Frameworks",
				);
				MARKETING_VERSION = 1.0;
				PRODUCT_BUNDLE_IDENTIFIER = com.MMIM.MMarket;
				PRODUCT_NAME = "$(TARGET_NAME)";
				SWIFT_EMIT_LOC_STRINGS = YES;
				SWIFT_VERSION = 5.0;
				TARGETED_DEVICE_FAMILY = "1,2";
			};
			name = Release;
		};
/* End XCBuildConfiguration section */

/* Begin XCConfigurationList section */
		03B04F9528ABD91B00FA268D /* Build configuration list for PBXProject "MMarket" */ = {
			isa = XCConfigurationList;
			buildConfigurations = (
				03B04FAC28ABD91C00FA268D /* Debug */,
				03B04FAD28ABD91C00FA268D /* Release */,
			);
			defaultConfigurationIsVisible = 0;
			defaultConfigurationName = Release;
		};
		03B04FAE28ABD91C00FA268D /* Build configuration list for PBXNativeTarget "MMarket" */ = {
			isa = XCConfigurationList;
			buildConfigurations = (
				03B04FAF28ABD91C00FA268D /* Debug */,
				03B04FB028ABD91C00FA268D /* Release */,
			);
			defaultConfigurationIsVisible = 0;
			defaultConfigurationName = Release;
		};
/* End XCConfigurationList section */
	};
	rootObject = 03B04F9228ABD91B00FA268D /* Project object */;
}
